
Microsoft Visual Studio Solution File, Format Version 12.00
# Visual Studio Version 17
VisualStudioVersion = 17.10.35013.160
MinimumVisualStudioVersion = 10.0.40219.1
Project("{FAE04EC0-301F-11D3-BF4B-00C04F79EFBC}") = "Demo LINQ 01", "Demo LINQ 01\Demo LINQ 01.csproj", "{1CCE77D6-44C2-459B-852B-A3C5AC0CE879}"
EndProject
Global
	GlobalSection(SolutionConfigurationPlatforms) = preSolution
		Debug|Any CPU = Debug|Any CPU
		Release|Any CPU = Release|Any CPU
	EndGlobalSection
	GlobalSection(ProjectConfigurationPlatforms) = postSolution
		{1CCE77D6-44C2-459B-852B-A3C5AC0CE879}.Debug|Any CPU.ActiveCfg = Debug|Any CPU
		{1CCE77D6-44C2-459B-852B-A3C5AC0CE879}.Debug|Any CPU.Build.0 = Debug|Any CPU
		{1CCE77D6-44C2-459B-852B-A3C5AC0CE879}.Release|Any CPU.ActiveCfg = Release|Any CPU
		{1CCE77D6-44C2-459B-852B-A3C5AC0CE879}.Release|Any CPU.Build.0 = Release|Any CPU
	EndGlobalSection
	GlobalSection(SolutionProperties) = preSolution
		HideSolutionNode = FALSE
	EndGlobalSection
	GlobalSection(ExtensibilityGlobals) = postSolution
		SolutionGuid = {9B843E05-CBC9-43C1-B1A1-74DFFF6695A4}
	EndGlobalSection
EndGlobal
